// !$*UTF8*$!
{
	archiveVersion = 1;
	classes = {
	};
	objectVersion = 46;
	objects = {

/* Begin PBXBuildFile section */
		5A6E6E04139401A6005E94E2 /* MapKit.framework in Frameworks */ = {isa = PBXBuildFile; fileRef = 5A6E6E03139401A6005E94E2 /* MapKit.framework */; };
		5A6E6E0713940250005E94E2 /* CFNetwork.framework in Frameworks */ = {isa = PBXBuildFile; fileRef = 5A6E6E061394024F005E94E2 /* CFNetwork.framework */; };
		5A6E6E0913940259005E94E2 /* SystemConfiguration.framework in Frameworks */ = {isa = PBXBuildFile; fileRef = 5A6E6E0813940259005E94E2 /* SystemConfiguration.framework */; };
		5A6E6E0B1394025E005E94E2 /* MobileCoreServices.framework in Frameworks */ = {isa = PBXBuildFile; fileRef = 5A6E6E0A1394025E005E94E2 /* MobileCoreServices.framework */; };
		5A6E6E0D13940269005E94E2 /* libz.1.2.3.dylib in Frameworks */ = {isa = PBXBuildFile; fileRef = 5A6E6E0C13940269005E94E2 /* libz.1.2.3.dylib */; };
		5A6E6E2A139402A0005E94E2 /* ASIAuthenticationDialog.m in Sources */ = {isa = PBXBuildFile; fileRef = 5A6E6E11139402A0005E94E2 /* ASIAuthenticationDialog.m */; };
		5A6E6E2B139402A0005E94E2 /* ASIDataCompressor.m in Sources */ = {isa = PBXBuildFile; fileRef = 5A6E6E14139402A0005E94E2 /* ASIDataCompressor.m */; };
		5A6E6E2C139402A0005E94E2 /* ASIDataDecompressor.m in Sources */ = {isa = PBXBuildFile; fileRef = 5A6E6E16139402A0005E94E2 /* ASIDataDecompressor.m */; };
		5A6E6E2D139402A0005E94E2 /* ASIDownloadCache.m in Sources */ = {isa = PBXBuildFile; fileRef = 5A6E6E18139402A0005E94E2 /* ASIDownloadCache.m */; };
		5A6E6E2E139402A0005E94E2 /* ASIFormDataRequest.m in Sources */ = {isa = PBXBuildFile; fileRef = 5A6E6E1A139402A0005E94E2 /* ASIFormDataRequest.m */; };
		5A6E6E2F139402A0005E94E2 /* ASIHTTPRequest.m in Sources */ = {isa = PBXBuildFile; fileRef = 5A6E6E1C139402A0005E94E2 /* ASIHTTPRequest.m */; };
		5A6E6E30139402A0005E94E2 /* ASIInputStream.m in Sources */ = {isa = PBXBuildFile; fileRef = 5A6E6E20139402A0005E94E2 /* ASIInputStream.m */; };
		5A6E6E31139402A0005E94E2 /* ASINetworkQueue.m in Sources */ = {isa = PBXBuildFile; fileRef = 5A6E6E22139402A0005E94E2 /* ASINetworkQueue.m */; };
		5A6E6E32139402A0005E94E2 /* JSONKit.m in Sources */ = {isa = PBXBuildFile; fileRef = 5A6E6E26139402A0005E94E2 /* JSONKit.m */; };
		5A6E6E33139402A0005E94E2 /* MBProgressHUD.m in Sources */ = {isa = PBXBuildFile; fileRef = 5A6E6E29139402A0005E94E2 /* MBProgressHUD.m */; };
		5A6E6E37139402C3005E94E2 /* Reachability.m in Sources */ = {isa = PBXBuildFile; fileRef = 5A6E6E36139402C3005E94E2 /* Reachability.m */; };
		5A6E6E3A13940485005E94E2 /* FLLocation.m in Sources */ = {isa = PBXBuildFile; fileRef = 5A6E6E3913940485005E94E2 /* FLLocation.m */; };
		5A6E6E4613940B1E005E94E2 /* download.png in Resources */ = {isa = PBXBuildFile; fileRef = 5A6E6E3E13940B1E005E94E2 /* download.png */; };
		5A6E6E4713940B1E005E94E2 /* download@2x.png in Resources */ = {isa = PBXBuildFile; fileRef = 5A6E6E3F13940B1E005E94E2 /* download@2x.png */; };
		5A6E6E4813940B1E005E94E2 /* location.png in Resources */ = {isa = PBXBuildFile; fileRef = 5A6E6E4013940B1E005E94E2 /* location.png */; };
		5A6E6E4913940B1E005E94E2 /* location@2x.png in Resources */ = {isa = PBXBuildFile; fileRef = 5A6E6E4113940B1E005E94E2 /* location@2x.png */; };
		5A6E6E4A13940B1E005E94E2 /* map-marker.png in Resources */ = {isa = PBXBuildFile; fileRef = 5A6E6E4213940B1E005E94E2 /* map-marker.png */; };
		5A6E6E4B13940B1E005E94E2 /* map-marker@2x.png in Resources */ = {isa = PBXBuildFile; fileRef = 5A6E6E4313940B1E005E94E2 /* map-marker@2x.png */; };
		5A6E6E4C13940B1E005E94E2 /* map.png in Resources */ = {isa = PBXBuildFile; fileRef = 5A6E6E4413940B1E005E94E2 /* map.png */; };
		5A6E6E4D13940B1E005E94E2 /* map@2x.png in Resources */ = {isa = PBXBuildFile; fileRef = 5A6E6E4513940B1E005E94E2 /* map@2x.png */; };
		5A6E6E5013940BFB005E94E2 /* FLLocationDownloader.m in Sources */ = {isa = PBXBuildFile; fileRef = 5A6E6E4F13940BFB005E94E2 /* FLLocationDownloader.m */; };
		5A6E6E5313940C09005E94E2 /* FLLocationParser.m in Sources */ = {isa = PBXBuildFile; fileRef = 5A6E6E5213940C09005E94E2 /* FLLocationParser.m */; };
		5A6E6E64139415A9005E94E2 /* MapViewController.m in Sources */ = {isa = PBXBuildFile; fileRef = 5A6E6E62139415A9005E94E2 /* MapViewController.m */; };
		5A6E6E65139415A9005E94E2 /* MapViewController.xib in Resources */ = {isa = PBXBuildFile; fileRef = 5A6E6E63139415A9005E94E2 /* MapViewController.xib */; };
		5AD7EA801392E76B00039611 /* UIKit.framework in Frameworks */ = {isa = PBXBuildFile; fileRef = 5AD7EA7F1392E76B00039611 /* UIKit.framework */; };
		5AD7EA821392E76B00039611 /* Foundation.framework in Frameworks */ = {isa = PBXBuildFile; fileRef = 5AD7EA811392E76B00039611 /* Foundation.framework */; };
		5AD7EA841392E76B00039611 /* CoreGraphics.framework in Frameworks */ = {isa = PBXBuildFile; fileRef = 5AD7EA831392E76B00039611 /* CoreGraphics.framework */; };
		5AD7EA861392E76B00039611 /* CoreData.framework in Frameworks */ = {isa = PBXBuildFile; fileRef = 5AD7EA851392E76B00039611 /* CoreData.framework */; };
		5AD7EA8C1392E76B00039611 /* InfoPlist.strings in Resources */ = {isa = PBXBuildFile; fileRef = 5AD7EA8A1392E76B00039611 /* InfoPlist.strings */; };
		5AD7EA8F1392E76B00039611 /* main.m in Sources */ = {isa = PBXBuildFile; fileRef = 5AD7EA8E1392E76B00039611 /* main.m */; };
		5AD7EA921392E76B00039611 /* HelloMapKitWorldAppDelegate.m in Sources */ = {isa = PBXBuildFile; fileRef = 5AD7EA911392E76B00039611 /* HelloMapKitWorldAppDelegate.m */; };
		5AD7EA951392E76B00039611 /* HelloMapKitWorld.xcdatamodeld in Sources */ = {isa = PBXBuildFile; fileRef = 5AD7EA931392E76B00039611 /* HelloMapKitWorld.xcdatamodeld */; };
		5AD7EA981392E76B00039611 /* MainWindow.xib in Resources */ = {isa = PBXBuildFile; fileRef = 5AD7EA961392E76B00039611 /* MainWindow.xib */; };
		5AD7EA9B1392E76B00039611 /* RootViewController.m in Sources */ = {isa = PBXBuildFile; fileRef = 5AD7EA9A1392E76B00039611 /* RootViewController.m */; };
		5AD7EA9E1392E76B00039611 /* RootViewController.xib in Resources */ = {isa = PBXBuildFile; fileRef = 5AD7EA9C1392E76B00039611 /* RootViewController.xib */; };
/* End PBXBuildFile section */

/* Begin PBXFileReference section */
		5A6E6E03139401A6005E94E2 /* MapKit.framework */ = {isa = PBXFileReference; lastKnownFileType = wrapper.framework; name = MapKit.framework; path = System/Library/Frameworks/MapKit.framework; sourceTree = SDKROOT; };
		5A6E6E061394024F005E94E2 /* CFNetwork.framework */ = {isa = PBXFileReference; lastKnownFileType = wrapper.framework; name = CFNetwork.framework; path = System/Library/Frameworks/CFNetwork.framework; sourceTree = SDKROOT; };
		5A6E6E0813940259005E94E2 /* SystemConfiguration.framework */ = {isa = PBXFileReference; lastKnownFileType = wrapper.framework; name = SystemConfiguration.framework; path = System/Library/Frameworks/SystemConfiguration.framework; sourceTree = SDKROOT; };
		5A6E6E0A1394025E005E94E2 /* MobileCoreServices.framework */ = {isa = PBXFileReference; lastKnownFileType = wrapper.framework; name = MobileCoreServices.framework; path = System/Library/Frameworks/MobileCoreServices.framework; sourceTree = SDKROOT; };
		5A6E6E0C13940269005E94E2 /* libz.1.2.3.dylib */ = {isa = PBXFileReference; lastKnownFileType = "compiled.mach-o.dylib"; name = libz.1.2.3.dylib; path = usr/lib/libz.1.2.3.dylib; sourceTree = SDKROOT; };
		5A6E6E10139402A0005E94E2 /* ASIAuthenticationDialog.h */ = {isa = PBXFileReference; fileEncoding = 4; lastKnownFileType = sourcecode.c.h; path = ASIAuthenticationDialog.h; sourceTree = "<group>"; };
		5A6E6E11139402A0005E94E2 /* ASIAuthenticationDialog.m */ = {isa = PBXFileReference; fileEncoding = 4; lastKnownFileType = sourcecode.c.objc; path = ASIAuthenticationDialog.m; sourceTree = "<group>"; };
		5A6E6E12139402A0005E94E2 /* ASICacheDelegate.h */ = {isa = PBXFileReference; fileEncoding = 4; lastKnownFileType = sourcecode.c.h; path = ASICacheDelegate.h; sourceTree = "<group>"; };
		5A6E6E13139402A0005E94E2 /* ASIDataCompressor.h */ = {isa = PBXFileReference; fileEncoding = 4; lastKnownFileType = sourcecode.c.h; path = ASIDataCompressor.h; sourceTree = "<group>"; };
		5A6E6E14139402A0005E94E2 /* ASIDataCompressor.m */ = {isa = PBXFileReference; fileEncoding = 4; lastKnownFileType = sourcecode.c.objc; path = ASIDataCompressor.m; sourceTree = "<group>"; };
		5A6E6E15139402A0005E94E2 /* ASIDataDecompressor.h */ = {isa = PBXFileReference; fileEncoding = 4; lastKnownFileType = sourcecode.c.h; path = ASIDataDecompressor.h; sourceTree = "<group>"; };
		5A6E6E16139402A0005E94E2 /* ASIDataDecompressor.m */ = {isa = PBXFileReference; fileEncoding = 4; lastKnownFileType = sourcecode.c.objc; path = ASIDataDecompressor.m; sourceTree = "<group>"; };
		5A6E6E17139402A0005E94E2 /* ASIDownloadCache.h */ = {isa = PBXFileReference; fileEncoding = 4; lastKnownFileType = sourcecode.c.h; path = ASIDownloadCache.h; sourceTree = "<group>"; };
		5A6E6E18139402A0005E94E2 /* ASIDownloadCache.m */ = {isa = PBXFileReference; fileEncoding = 4; lastKnownFileType = sourcecode.c.objc; path = ASIDownloadCache.m; sourceTree = "<group>"; };
		5A6E6E19139402A0005E94E2 /* ASIFormDataRequest.h */ = {isa = PBXFileReference; fileEncoding = 4; lastKnownFileType = sourcecode.c.h; path = ASIFormDataRequest.h; sourceTree = "<group>"; };
		5A6E6E1A139402A0005E94E2 /* ASIFormDataRequest.m */ = {isa = PBXFileReference; fileEncoding = 4; lastKnownFileType = sourcecode.c.objc; path = ASIFormDataRequest.m; sourceTree = "<group>"; };
		5A6E6E1B139402A0005E94E2 /* ASIHTTPRequest.h */ = {isa = PBXFileReference; fileEncoding = 4; lastKnownFileType = sourcecode.c.h; path = ASIHTTPRequest.h; sourceTree = "<group>"; };
		5A6E6E1C139402A0005E94E2 /* ASIHTTPRequest.m */ = {isa = PBXFileReference; fileEncoding = 4; lastKnownFileType = sourcecode.c.objc; path = ASIHTTPRequest.m; sourceTree = "<group>"; };
		5A6E6E1D139402A0005E94E2 /* ASIHTTPRequestConfig.h */ = {isa = PBXFileReference; fileEncoding = 4; lastKnownFileType = sourcecode.c.h; path = ASIHTTPRequestConfig.h; sourceTree = "<group>"; };
		5A6E6E1E139402A0005E94E2 /* ASIHTTPRequestDelegate.h */ = {isa = PBXFileReference; fileEncoding = 4; lastKnownFileType = sourcecode.c.h; path = ASIHTTPRequestDelegate.h; sourceTree = "<group>"; };
		5A6E6E1F139402A0005E94E2 /* ASIInputStream.h */ = {isa = PBXFileReference; fileEncoding = 4; lastKnownFileType = sourcecode.c.h; path = ASIInputStream.h; sourceTree = "<group>"; };
		5A6E6E20139402A0005E94E2 /* ASIInputStream.m */ = {isa = PBXFileReference; fileEncoding = 4; lastKnownFileType = sourcecode.c.objc; path = ASIInputStream.m; sourceTree = "<group>"; };
		5A6E6E21139402A0005E94E2 /* ASINetworkQueue.h */ = {isa = PBXFileReference; fileEncoding = 4; lastKnownFileType = sourcecode.c.h; path = ASINetworkQueue.h; sourceTree = "<group>"; };
		5A6E6E22139402A0005E94E2 /* ASINetworkQueue.m */ = {isa = PBXFileReference; fileEncoding = 4; lastKnownFileType = sourcecode.c.objc; path = ASINetworkQueue.m; sourceTree = "<group>"; };
		5A6E6E23139402A0005E94E2 /* ASIProgressDelegate.h */ = {isa = PBXFileReference; fileEncoding = 4; lastKnownFileType = sourcecode.c.h; path = ASIProgressDelegate.h; sourceTree = "<group>"; };
		5A6E6E25139402A0005E94E2 /* JSONKit.h */ = {isa = PBXFileReference; fileEncoding = 4; lastKnownFileType = sourcecode.c.h; path = JSONKit.h; sourceTree = "<group>"; };
		5A6E6E26139402A0005E94E2 /* JSONKit.m */ = {isa = PBXFileReference; fileEncoding = 4; lastKnownFileType = sourcecode.c.objc; path = JSONKit.m; sourceTree = "<group>"; };
		5A6E6E28139402A0005E94E2 /* MBProgressHUD.h */ = {isa = PBXFileReference; fileEncoding = 4; lastKnownFileType = sourcecode.c.h; path = MBProgressHUD.h; sourceTree = "<group>"; };
		5A6E6E29139402A0005E94E2 /* MBProgressHUD.m */ = {isa = PBXFileReference; fileEncoding = 4; lastKnownFileType = sourcecode.c.objc; path = MBProgressHUD.m; sourceTree = "<group>"; };
		5A6E6E35139402C3005E94E2 /* Reachability.h */ = {isa = PBXFileReference; fileEncoding = 4; lastKnownFileType = sourcecode.c.h; path = Reachability.h; sourceTree = "<group>"; };
		5A6E6E36139402C3005E94E2 /* Reachability.m */ = {isa = PBXFileReference; fileEncoding = 4; lastKnownFileType = sourcecode.c.objc; path = Reachability.m; sourceTree = "<group>"; };
		5A6E6E3813940485005E94E2 /* FLLocation.h */ = {isa = PBXFileReference; fileEncoding = 4; lastKnownFileType = sourcecode.c.h; path = FLLocation.h; sourceTree = "<group>"; };
		5A6E6E3913940485005E94E2 /* FLLocation.m */ = {isa = PBXFileReference; fileEncoding = 4; lastKnownFileType = sourcecode.c.objc; path = FLLocation.m; sourceTree = "<group>"; };
		5A6E6E3C139407AA005E94E2 /* FLConstants.h */ = {isa = PBXFileReference; fileEncoding = 4; lastKnownFileType = sourcecode.c.h; path = FLConstants.h; sourceTree = "<group>"; };
		5A6E6E3E13940B1E005E94E2 /* download.png */ = {isa = PBXFileReference; lastKnownFileType = image.png; path = download.png; sourceTree = "<group>"; };
		5A6E6E3F13940B1E005E94E2 /* download@2x.png */ = {isa = PBXFileReference; lastKnownFileType = image.png; path = "download@2x.png"; sourceTree = "<group>"; };
		5A6E6E4013940B1E005E94E2 /* location.png */ = {isa = PBXFileReference; lastKnownFileType = image.png; path = location.png; sourceTree = "<group>"; };
		5A6E6E4113940B1E005E94E2 /* location@2x.png */ = {isa = PBXFileReference; lastKnownFileType = image.png; path = "location@2x.png"; sourceTree = "<group>"; };
		5A6E6E4213940B1E005E94E2 /* map-marker.png */ = {isa = PBXFileReference; lastKnownFileType = image.png; path = "map-marker.png"; sourceTree = "<group>"; };
		5A6E6E4313940B1E005E94E2 /* map-marker@2x.png */ = {isa = PBXFileReference; lastKnownFileType = image.png; path = "map-marker@2x.png"; sourceTree = "<group>"; };
		5A6E6E4413940B1E005E94E2 /* map.png */ = {isa = PBXFileReference; lastKnownFileType = image.png; path = map.png; sourceTree = "<group>"; };
		5A6E6E4513940B1E005E94E2 /* map@2x.png */ = {isa = PBXFileReference; lastKnownFileType = image.png; path = "map@2x.png"; sourceTree = "<group>"; };
		5A6E6E4E13940BFB005E94E2 /* FLLocationDownloader.h */ = {isa = PBXFileReference; fileEncoding = 4; lastKnownFileType = sourcecode.c.h; path = FLLocationDownloader.h; sourceTree = "<group>"; };
		5A6E6E4F13940BFB005E94E2 /* FLLocationDownloader.m */ = {isa = PBXFileReference; fileEncoding = 4; lastKnownFileType = sourcecode.c.objc; path = FLLocationDownloader.m; sourceTree = "<group>"; };
		5A6E6E5113940C09005E94E2 /* FLLocationParser.h */ = {isa = PBXFileReference; fileEncoding = 4; lastKnownFileType = sourcecode.c.h; path = FLLocationParser.h; sourceTree = "<group>"; };
		5A6E6E5213940C09005E94E2 /* FLLocationParser.m */ = {isa = PBXFileReference; fileEncoding = 4; lastKnownFileType = sourcecode.c.objc; path = FLLocationParser.m; sourceTree = "<group>"; };
		5A6E6E5B13940E63005E94E2 /* FLDataDownloadDelegate.h */ = {isa = PBXFileReference; fileEncoding = 4; lastKnownFileType = sourcecode.c.h; path = FLDataDownloadDelegate.h; sourceTree = "<group>"; };
		5A6E6E61139415A8005E94E2 /* MapViewController.h */ = {isa = PBXFileReference; fileEncoding = 4; lastKnownFileType = sourcecode.c.h; name = MapViewController.h; path = HelloMapKitWorld/MapViewController.h; sourceTree = "<group>"; };
		5A6E6E62139415A9005E94E2 /* MapViewController.m */ = {isa = PBXFileReference; fileEncoding = 4; lastKnownFileType = sourcecode.c.objc; name = MapViewController.m; path = HelloMapKitWorld/MapViewController.m; sourceTree = "<group>"; };
		5A6E6E63139415A9005E94E2 /* MapViewController.xib */ = {isa = PBXFileReference; fileEncoding = 4; lastKnownFileType = file.xib; name = MapViewController.xib; path = HelloMapKitWorld/MapViewController.xib; sourceTree = "<group>"; };
		5AD7EA7B1392E76B00039611 /* HelloMapKitWorld.app */ = {isa = PBXFileReference; explicitFileType = wrapper.application; includeInIndex = 0; path = HelloMapKitWorld.app; sourceTree = BUILT_PRODUCTS_DIR; };
		5AD7EA7F1392E76B00039611 /* UIKit.framework */ = {isa = PBXFileReference; lastKnownFileType = wrapper.framework; name = UIKit.framework; path = System/Library/Frameworks/UIKit.framework; sourceTree = SDKROOT; };
		5AD7EA811392E76B00039611 /* Foundation.framework */ = {isa = PBXFileReference; lastKnownFileType = wrapper.framework; name = Foundation.framework; path = System/Library/Frameworks/Foundation.framework; sourceTree = SDKROOT; };
		5AD7EA831392E76B00039611 /* CoreGraphics.framework */ = {isa = PBXFileReference; lastKnownFileType = wrapper.framework; name = CoreGraphics.framework; path = System/Library/Frameworks/CoreGraphics.framework; sourceTree = SDKROOT; };
		5AD7EA851392E76B00039611 /* CoreData.framework */ = {isa = PBXFileReference; lastKnownFileType = wrapper.framework; name = CoreData.framework; path = System/Library/Frameworks/CoreData.framework; sourceTree = SDKROOT; };
		5AD7EA891392E76B00039611 /* HelloMapKitWorld-Info.plist */ = {isa = PBXFileReference; lastKnownFileType = text.plist.xml; path = "HelloMapKitWorld-Info.plist"; sourceTree = "<group>"; };
		5AD7EA8B1392E76B00039611 /* en */ = {isa = PBXFileReference; lastKnownFileType = text.plist.strings; name = en; path = en.lproj/InfoPlist.strings; sourceTree = "<group>"; };
		5AD7EA8D1392E76B00039611 /* HelloMapKitWorld-Prefix.pch */ = {isa = PBXFileReference; lastKnownFileType = sourcecode.c.h; path = "HelloMapKitWorld-Prefix.pch"; sourceTree = "<group>"; };
		5AD7EA8E1392E76B00039611 /* main.m */ = {isa = PBXFileReference; lastKnownFileType = sourcecode.c.objc; path = main.m; sourceTree = "<group>"; };
		5AD7EA901392E76B00039611 /* HelloMapKitWorldAppDelegate.h */ = {isa = PBXFileReference; lastKnownFileType = sourcecode.c.h; path = HelloMapKitWorldAppDelegate.h; sourceTree = "<group>"; };
		5AD7EA911392E76B00039611 /* HelloMapKitWorldAppDelegate.m */ = {isa = PBXFileReference; lastKnownFileType = sourcecode.c.objc; path = HelloMapKitWorldAppDelegate.m; sourceTree = "<group>"; };
		5AD7EA941392E76B00039611 /* HelloMapKitWorld.xcdatamodel */ = {isa = PBXFileReference; lastKnownFileType = wrapper.xcdatamodel; path = HelloMapKitWorld.xcdatamodel; sourceTree = "<group>"; };
		5AD7EA971392E76B00039611 /* en */ = {isa = PBXFileReference; lastKnownFileType = file.xib; name = en; path = en.lproj/MainWindow.xib; sourceTree = "<group>"; };
		5AD7EA991392E76B00039611 /* RootViewController.h */ = {isa = PBXFileReference; lastKnownFileType = sourcecode.c.h; name = RootViewController.h; path = HelloMapKitWorld/RootViewController.h; sourceTree = "<group>"; };
		5AD7EA9A1392E76B00039611 /* RootViewController.m */ = {isa = PBXFileReference; lastKnownFileType = sourcecode.c.objc; name = RootViewController.m; path = HelloMapKitWorld/RootViewController.m; sourceTree = "<group>"; };
		5AD7EA9D1392E76B00039611 /* en */ = {isa = PBXFileReference; lastKnownFileType = file.xib; name = en; path = en.lproj/RootViewController.xib; sourceTree = "<group>"; };
/* End PBXFileReference section */

/* Begin PBXFrameworksBuildPhase section */
		5AD7EA781392E76B00039611 /* Frameworks */ = {
			isa = PBXFrameworksBuildPhase;
			buildActionMask = 2147483647;
			files = (
				5A6E6E0D13940269005E94E2 /* libz.1.2.3.dylib in Frameworks */,
				5A6E6E0B1394025E005E94E2 /* MobileCoreServices.framework in Frameworks */,
				5A6E6E0913940259005E94E2 /* SystemConfiguration.framework in Frameworks */,
				5A6E6E0713940250005E94E2 /* CFNetwork.framework in Frameworks */,
				5A6E6E04139401A6005E94E2 /* MapKit.framework in Frameworks */,
				5AD7EA801392E76B00039611 /* UIKit.framework in Frameworks */,
				5AD7EA821392E76B00039611 /* Foundation.framework in Frameworks */,
				5AD7EA841392E76B00039611 /* CoreGraphics.framework in Frameworks */,
				5AD7EA861392E76B00039611 /* CoreData.framework in Frameworks */,
			);
			runOnlyForDeploymentPostprocessing = 0;
		};
/* End PBXFrameworksBuildPhase section */

/* Begin PBXGroup section */
		5A6E6E0E139402A0005E94E2 /* External */ = {
			isa = PBXGroup;
			children = (
				5A6E6E34139402C3005E94E2 /* Reachability */,
				5A6E6E0F139402A0005E94E2 /* ASIHTTPRequest */,
				5A6E6E24139402A0005E94E2 /* JSONKit */,
				5A6E6E27139402A0005E94E2 /* MBProgressHUD */,
			);
			path = External;
			sourceTree = SOURCE_ROOT;
		};
		5A6E6E0F139402A0005E94E2 /* ASIHTTPRequest */ = {
			isa = PBXGroup;
			children = (
				5A6E6E10139402A0005E94E2 /* ASIAuthenticationDialog.h */,
				5A6E6E11139402A0005E94E2 /* ASIAuthenticationDialog.m */,
				5A6E6E12139402A0005E94E2 /* ASICacheDelegate.h */,
				5A6E6E13139402A0005E94E2 /* ASIDataCompressor.h */,
				5A6E6E14139402A0005E94E2 /* ASIDataCompressor.m */,
				5A6E6E15139402A0005E94E2 /* ASIDataDecompressor.h */,
				5A6E6E16139402A0005E94E2 /* ASIDataDecompressor.m */,
				5A6E6E17139402A0005E94E2 /* ASIDownloadCache.h */,
				5A6E6E18139402A0005E94E2 /* ASIDownloadCache.m */,
				5A6E6E19139402A0005E94E2 /* ASIFormDataRequest.h */,
				5A6E6E1A139402A0005E94E2 /* ASIFormDataRequest.m */,
				5A6E6E1B139402A0005E94E2 /* ASIHTTPRequest.h */,
				5A6E6E1C139402A0005E94E2 /* ASIHTTPRequest.m */,
				5A6E6E1D139402A0005E94E2 /* ASIHTTPRequestConfig.h */,
				5A6E6E1E139402A0005E94E2 /* ASIHTTPRequestDelegate.h */,
				5A6E6E1F139402A0005E94E2 /* ASIInputStream.h */,
				5A6E6E20139402A0005E94E2 /* ASIInputStream.m */,
				5A6E6E21139402A0005E94E2 /* ASINetworkQueue.h */,
				5A6E6E22139402A0005E94E2 /* ASINetworkQueue.m */,
				5A6E6E23139402A0005E94E2 /* ASIProgressDelegate.h */,
			);
			path = ASIHTTPRequest;
			sourceTree = "<group>";
		};
		5A6E6E24139402A0005E94E2 /* JSONKit */ = {
			isa = PBXGroup;
			children = (
				5A6E6E25139402A0005E94E2 /* JSONKit.h */,
				5A6E6E26139402A0005E94E2 /* JSONKit.m */,
			);
			path = JSONKit;
			sourceTree = "<group>";
		};
		5A6E6E27139402A0005E94E2 /* MBProgressHUD */ = {
			isa = PBXGroup;
			children = (
				5A6E6E28139402A0005E94E2 /* MBProgressHUD.h */,
				5A6E6E29139402A0005E94E2 /* MBProgressHUD.m */,
			);
			path = MBProgressHUD;
			sourceTree = "<group>";
		};
		5A6E6E34139402C3005E94E2 /* Reachability */ = {
			isa = PBXGroup;
			children = (
				5A6E6E35139402C3005E94E2 /* Reachability.h */,
				5A6E6E36139402C3005E94E2 /* Reachability.m */,
			);
			path = Reachability;
			sourceTree = "<group>";
		};
		5A6E6E3B1394077E005E94E2 /* Networking */ = {
			isa = PBXGroup;
			children = (
				5A6E6E4E13940BFB005E94E2 /* FLLocationDownloader.h */,
				5A6E6E4F13940BFB005E94E2 /* FLLocationDownloader.m */,
				5A6E6E5113940C09005E94E2 /* FLLocationParser.h */,
				5A6E6E5213940C09005E94E2 /* FLLocationParser.m */,
			);
			name = Networking;
			sourceTree = "<group>";
		};
		5A6E6E3D13940B1E005E94E2 /* Images */ = {
			isa = PBXGroup;
			children = (
				5A6E6E3E13940B1E005E94E2 /* download.png */,
				5A6E6E3F13940B1E005E94E2 /* download@2x.png */,
				5A6E6E4013940B1E005E94E2 /* location.png */,
				5A6E6E4113940B1E005E94E2 /* location@2x.png */,
				5A6E6E4213940B1E005E94E2 /* map-marker.png */,
				5A6E6E4313940B1E005E94E2 /* map-marker@2x.png */,
				5A6E6E4413940B1E005E94E2 /* map.png */,
				5A6E6E4513940B1E005E94E2 /* map@2x.png */,
			);
			path = Images;
			sourceTree = SOURCE_ROOT;
		};
		5A6E6E5A13940E45005E94E2 /* Protocols */ = {
			isa = PBXGroup;
			children = (
				5A6E6E5B13940E63005E94E2 /* FLDataDownloadDelegate.h */,
			);
			name = Protocols;
			sourceTree = "<group>";
		};
		5AD7EA701392E76B00039611 = {
			isa = PBXGroup;
			children = (
				5AD7EA871392E76B00039611 /* HelloMapKitWorld */,
				5AD7EA7E1392E76B00039611 /* Frameworks */,
				5AD7EA7C1392E76B00039611 /* Products */,
			);
			sourceTree = "<group>";
		};
		5AD7EA7C1392E76B00039611 /* Products */ = {
			isa = PBXGroup;
			children = (
				5AD7EA7B1392E76B00039611 /* HelloMapKitWorld.app */,
			);
			name = Products;
			sourceTree = "<group>";
		};
		5AD7EA7E1392E76B00039611 /* Frameworks */ = {
			isa = PBXGroup;
			children = (
				5A6E6E0C13940269005E94E2 /* libz.1.2.3.dylib */,
				5A6E6E0A1394025E005E94E2 /* MobileCoreServices.framework */,
				5A6E6E0813940259005E94E2 /* SystemConfiguration.framework */,
				5A6E6E061394024F005E94E2 /* CFNetwork.framework */,
				5A6E6E03139401A6005E94E2 /* MapKit.framework */,
				5AD7EA7F1392E76B00039611 /* UIKit.framework */,
				5AD7EA811392E76B00039611 /* Foundation.framework */,
				5AD7EA831392E76B00039611 /* CoreGraphics.framework */,
				5AD7EA851392E76B00039611 /* CoreData.framework */,
			);
			name = Frameworks;
			sourceTree = "<group>";
		};
		5AD7EA871392E76B00039611 /* HelloMapKitWorld */ = {
			isa = PBXGroup;
			children = (
				5A6E6E0E139402A0005E94E2 /* External */,
				5AD7EAA71392EAC200039611 /* Core Data */,
				5A6E6E5A13940E45005E94E2 /* Protocols */,
				5A6E6E3B1394077E005E94E2 /* Networking */,
				5AD7EAA51392EAA700039611 /* Views */,
				5AD7EAA41392EA9F00039611 /* Models */,
				5AD7EAA61392EAAD00039611 /* Controllers */,
				5AD7EAA81392EAD000039611 /* Misc */,
				5AD7EA881392E76B00039611 /* Supporting Files */,
				5A6E6E3D13940B1E005E94E2 /* Images */,
			);
			path = HelloMapKitWorld;
			sourceTree = "<group>";
		};
		5AD7EA881392E76B00039611 /* Supporting Files */ = {
			isa = PBXGroup;
			children = (
				5AD7EA891392E76B00039611 /* HelloMapKitWorld-Info.plist */,
				5AD7EA8A1392E76B00039611 /* InfoPlist.strings */,
				5AD7EA8D1392E76B00039611 /* HelloMapKitWorld-Prefix.pch */,
				5AD7EA8E1392E76B00039611 /* main.m */,
			);
			name = "Supporting Files";
			sourceTree = "<group>";
		};
		5AD7EAA41392EA9F00039611 /* Models */ = {
			isa = PBXGroup;
			children = (
				5A6E6E3813940485005E94E2 /* FLLocation.h */,
				5A6E6E3913940485005E94E2 /* FLLocation.m */,
			);
			name = Models;
			sourceTree = "<group>";
		};
		5AD7EAA51392EAA700039611 /* Views */ = {
			isa = PBXGroup;
			children = (
			);
			name = Views;
			sourceTree = "<group>";
		};
		5AD7EAA61392EAAD00039611 /* Controllers */ = {
			isa = PBXGroup;
			children = (
				5AD7EA991392E76B00039611 /* RootViewController.h */,
				5AD7EA9A1392E76B00039611 /* RootViewController.m */,
				5AD7EA9C1392E76B00039611 /* RootViewController.xib */,
				5A6E6E61139415A8005E94E2 /* MapViewController.h */,
				5A6E6E62139415A9005E94E2 /* MapViewController.m */,
				5A6E6E63139415A9005E94E2 /* MapViewController.xib */,
			);
			name = Controllers;
			path = ..;
			sourceTree = "<group>";
		};
		5AD7EAA71392EAC200039611 /* Core Data */ = {
			isa = PBXGroup;
			children = (
				5AD7EA931392E76B00039611 /* HelloMapKitWorld.xcdatamodeld */,
			);
			name = "Core Data";
			sourceTree = "<group>";
		};
		5AD7EAA81392EAD000039611 /* Misc */ = {
			isa = PBXGroup;
			children = (
				5A6E6E3C139407AA005E94E2 /* FLConstants.h */,
				5AD7EA901392E76B00039611 /* HelloMapKitWorldAppDelegate.h */,
				5AD7EA911392E76B00039611 /* HelloMapKitWorldAppDelegate.m */,
				5AD7EA961392E76B00039611 /* MainWindow.xib */,
			);
			name = Misc;
			sourceTree = "<group>";
		};
/* End PBXGroup section */

/* Begin PBXNativeTarget section */
		5AD7EA7A1392E76B00039611 /* HelloMapKitWorld */ = {
			isa = PBXNativeTarget;
			buildConfigurationList = 5AD7EAA11392E76B00039611 /* Build configuration list for PBXNativeTarget "HelloMapKitWorld" */;
			buildPhases = (
				5AD7EA771392E76B00039611 /* Sources */,
				5AD7EA781392E76B00039611 /* Frameworks */,
				5AD7EA791392E76B00039611 /* Resources */,
			);
			buildRules = (
			);
			dependencies = (
			);
			name = HelloMapKitWorld;
			productName = HelloMapKitWorld;
			productReference = 5AD7EA7B1392E76B00039611 /* HelloMapKitWorld.app */;
			productType = "com.apple.product-type.application";
		};
/* End PBXNativeTarget section */

/* Begin PBXProject section */
		5AD7EA721392E76B00039611 /* Project object */ = {
			isa = PBXProject;
			buildConfigurationList = 5AD7EA751392E76B00039611 /* Build configuration list for PBXProject "HelloMapKitWorld" */;
			compatibilityVersion = "Xcode 3.2";
			developmentRegion = English;
			hasScannedForEncodings = 0;
			knownRegions = (
				en,
			);
			mainGroup = 5AD7EA701392E76B00039611;
			productRefGroup = 5AD7EA7C1392E76B00039611 /* Products */;
			projectDirPath = "";
			projectRoot = "";
			targets = (
				5AD7EA7A1392E76B00039611 /* HelloMapKitWorld */,
			);
		};
/* End PBXProject section */

/* Begin PBXResourcesBuildPhase section */
		5AD7EA791392E76B00039611 /* Resources */ = {
			isa = PBXResourcesBuildPhase;
			buildActionMask = 2147483647;
			files = (
				5AD7EA8C1392E76B00039611 /* InfoPlist.strings in Resources */,
				5AD7EA981392E76B00039611 /* MainWindow.xib in Resources */,
				5AD7EA9E1392E76B00039611 /* RootViewController.xib in Resources */,
				5A6E6E4613940B1E005E94E2 /* download.png in Resources */,
				5A6E6E4713940B1E005E94E2 /* download@2x.png in Resources */,
				5A6E6E4813940B1E005E94E2 /* location.png in Resources */,
				5A6E6E4913940B1E005E94E2 /* location@2x.png in Resources */,
				5A6E6E4A13940B1E005E94E2 /* map-marker.png in Resources */,
				5A6E6E4B13940B1E005E94E2 /* map-marker@2x.png in Resources */,
				5A6E6E4C13940B1E005E94E2 /* map.png in Resources */,
				5A6E6E4D13940B1E005E94E2 /* map@2x.png in Resources */,
				5A6E6E65139415A9005E94E2 /* MapViewController.xib in Resources */,
			);
			runOnlyForDeploymentPostprocessing = 0;
		};
/* End PBXResourcesBuildPhase section */

/* Begin PBXSourcesBuildPhase section */
		5AD7EA771392E76B00039611 /* Sources */ = {
			isa = PBXSourcesBuildPhase;
			buildActionMask = 2147483647;
			files = (
				5AD7EA8F1392E76B00039611 /* main.m in Sources */,
				5AD7EA921392E76B00039611 /* HelloMapKitWorldAppDelegate.m in Sources */,
				5AD7EA951392E76B00039611 /* HelloMapKitWorld.xcdatamodeld in Sources */,
				5AD7EA9B1392E76B00039611 /* RootViewController.m in Sources */,
				5A6E6E2A139402A0005E94E2 /* ASIAuthenticationDialog.m in Sources */,
				5A6E6E2B139402A0005E94E2 /* ASIDataCompressor.m in Sources */,
				5A6E6E2C139402A0005E94E2 /* ASIDataDecompressor.m in Sources */,
				5A6E6E2D139402A0005E94E2 /* ASIDownloadCache.m in Sources */,
				5A6E6E2E139402A0005E94E2 /* ASIFormDataRequest.m in Sources */,
				5A6E6E2F139402A0005E94E2 /* ASIHTTPRequest.m in Sources */,
				5A6E6E30139402A0005E94E2 /* ASIInputStream.m in Sources */,
				5A6E6E31139402A0005E94E2 /* ASINetworkQueue.m in Sources */,
				5A6E6E32139402A0005E94E2 /* JSONKit.m in Sources */,
				5A6E6E33139402A0005E94E2 /* MBProgressHUD.m in Sources */,
				5A6E6E37139402C3005E94E2 /* Reachability.m in Sources */,
				5A6E6E3A13940485005E94E2 /* FLLocation.m in Sources */,
				5A6E6E5013940BFB005E94E2 /* FLLocationDownloader.m in Sources */,
				5A6E6E5313940C09005E94E2 /* FLLocationParser.m in Sources */,
				5A6E6E64139415A9005E94E2 /* MapViewController.m in Sources */,
			);
			runOnlyForDeploymentPostprocessing = 0;
		};
/* End PBXSourcesBuildPhase section */

/* Begin PBXVariantGroup section */
		5AD7EA8A1392E76B00039611 /* InfoPlist.strings */ = {
			isa = PBXVariantGroup;
			children = (
				5AD7EA8B1392E76B00039611 /* en */,
			);
			name = InfoPlist.strings;
			sourceTree = "<group>";
		};
		5AD7EA961392E76B00039611 /* MainWindow.xib */ = {
			isa = PBXVariantGroup;
			children = (
				5AD7EA971392E76B00039611 /* en */,
			);
			name = MainWindow.xib;
			sourceTree = "<group>";
		};
		5AD7EA9C1392E76B00039611 /* RootViewController.xib */ = {
			isa = PBXVariantGroup;
			children = (
				5AD7EA9D1392E76B00039611 /* en */,
			);
			name = RootViewController.xib;
			path = HelloMapKitWorld;
			sourceTree = "<group>";
		};
/* End PBXVariantGroup section */

/* Begin XCBuildConfiguration section */
		5AD7EA9F1392E76B00039611 /* Debug */ = {
			isa = XCBuildConfiguration;
			buildSettings = {
				ARCHS = "$(ARCHS_STANDARD_32_BIT)";
				"CODE_SIGN_IDENTITY[sdk=iphoneos*]" = "iPhone Developer";
				GCC_C_LANGUAGE_STANDARD = gnu99;
				GCC_OPTIMIZATION_LEVEL = 0;
				GCC_PREPROCESSOR_DEFINITIONS = DEBUG;
				GCC_SYMBOLS_PRIVATE_EXTERN = NO;
				GCC_VERSION = com.apple.compilers.llvmgcc42;
				GCC_WARN_ABOUT_RETURN_TYPE = YES;
				GCC_WARN_UNUSED_VARIABLE = YES;
				IPHONEOS_DEPLOYMENT_TARGET = 4.3;
				SDKROOT = iphoneos;
			};
			name = Debug;
		};
		5AD7EAA01392E76B00039611 /* Release */ = {
			isa = XCBuildConfiguration;
			buildSettings = {
				ARCHS = "$(ARCHS_STANDARD_32_BIT)";
				"CODE_SIGN_IDENTITY[sdk=iphoneos*]" = "iPhone Developer";
				GCC_C_LANGUAGE_STANDARD = gnu99;
				GCC_VERSION = com.apple.compilers.llvmgcc42;
				GCC_WARN_ABOUT_RETURN_TYPE = YES;
				GCC_WARN_UNUSED_VARIABLE = YES;
				IPHONEOS_DEPLOYMENT_TARGET = 4.3;
				OTHER_CFLAGS = "-DNS_BLOCK_ASSERTIONS=1";
				SDKROOT = iphoneos;
			};
			name = Release;
		};
		5AD7EAA21392E76B00039611 /* Debug */ = {
			isa = XCBuildConfiguration;
			buildSettings = {
				ALWAYS_SEARCH_USER_PATHS = NO;
				COPY_PHASE_STRIP = NO;
				GCC_DYNAMIC_NO_PIC = NO;
				GCC_PRECOMPILE_PREFIX_HEADER = YES;
				GCC_PREFIX_HEADER = "HelloMapKitWorld/HelloMapKitWorld-Prefix.pch";
				GCC_VERSION = com.apple.compilers.llvm.clang.1_0;
				INFOPLIST_FILE = "HelloMapKitWorld/HelloMapKitWorld-Info.plist";
				IPHONEOS_DEPLOYMENT_TARGET = 4.0;
				PRODUCT_NAME = "$(TARGET_NAME)";
				RUN_CLANG_STATIC_ANALYZER = NO;
				VALIDATE_PRODUCT = NO;
				WRAPPER_EXTENSION = app;
			};
			name = Debug;
		};
		5AD7EAA31392E76B00039611 /* Release */ = {
			isa = XCBuildConfiguration;
			buildSettings = {
				ALWAYS_SEARCH_USER_PATHS = NO;
				COPY_PHASE_STRIP = YES;
				GCC_PRECOMPILE_PREFIX_HEADER = YES;
				GCC_PREFIX_HEADER = "HelloMapKitWorld/HelloMapKitWorld-Prefix.pch";
				GCC_VERSION = com.apple.compilers.llvm.clang.1_0;
				INFOPLIST_FILE = "HelloMapKitWorld/HelloMapKitWorld-Info.plist";
				IPHONEOS_DEPLOYMENT_TARGET = 4.0;
				PRODUCT_NAME = "$(TARGET_NAME)";
				RUN_CLANG_STATIC_ANALYZER = YES;
				VALIDATE_PRODUCT = YES;
				WRAPPER_EXTENSION = app;
			};
			name = Release;
		};
/* End XCBuildConfiguration section */

/* Begin XCConfigurationList section */
		5AD7EA751392E76B00039611 /* Build configuration list for PBXProject "HelloMapKitWorld" */ = {
			isa = XCConfigurationList;
			buildConfigurations = (
				5AD7EA9F1392E76B00039611 /* Debug */,
				5AD7EAA01392E76B00039611 /* Release */,
			);
			defaultConfigurationIsVisible = 0;
			defaultConfigurationName = Release;
		};
		5AD7EAA11392E76B00039611 /* Build configuration list for PBXNativeTarget "HelloMapKitWorld" */ = {
			isa = XCConfigurationList;
			buildConfigurations = (
				5AD7EAA21392E76B00039611 /* Debug */,
				5AD7EAA31392E76B00039611 /* Release */,
			);
			defaultConfigurationIsVisible = 0;
			defaultConfigurationName = Release;
		};
/* End XCConfigurationList section */

/* Begin XCVersionGroup section */
		5AD7EA931392E76B00039611 /* HelloMapKitWorld.xcdatamodeld */ = {
			isa = XCVersionGroup;
			children = (
				5AD7EA941392E76B00039611 /* HelloMapKitWorld.xcdatamodel */,
			);
			currentVersion = 5AD7EA941392E76B00039611 /* HelloMapKitWorld.xcdatamodel */;
			path = HelloMapKitWorld.xcdatamodeld;
			sourceTree = "<group>";
			versionGroupType = wrapper.xcdatamodel;
		};
/* End XCVersionGroup section */
	};
	rootObject = 5AD7EA721392E76B00039611 /* Project object */;
}
